
Microsoft Visual Studio Solution File, Format Version 12.00
# Visual Studio Version 17
VisualStudioVersion = 17.14.36203.30 d17.14
MinimumVisualStudioVersion = 10.0.40219.1
Project("{FAE04EC0-301F-11D3-BF4B-00C04F79EFBC}") = "JwtAuthDemo2", "JwtAuthDemo2\JwtAuthDemo2.csproj", "{38A0399C-7E81-4067-B5C6-0925A1D3B0D3}"
EndProject
Global
	GlobalSection(SolutionConfigurationPlatforms) = preSolution
		Debug|Any CPU = Debug|Any CPU
		Release|Any CPU = Release|Any CPU
	EndGlobalSection
	GlobalSection(ProjectConfigurationPlatforms) = postSolution
		{38A0399C-7E81-4067-B5C6-0925A1D3B0D3}.Debug|Any CPU.ActiveCfg = Debug|Any CPU
		{38A0399C-7E81-4067-B5C6-0925A1D3B0D3}.Debug|Any CPU.Build.0 = Debug|Any CPU
		{38A0399C-7E81-4067-B5C6-0925A1D3B0D3}.Release|Any CPU.ActiveCfg = Release|Any CPU
		{38A0399C-7E81-4067-B5C6-0925A1D3B0D3}.Release|Any CPU.Build.0 = Release|Any CPU
	EndGlobalSection
	GlobalSection(SolutionProperties) = preSolution
		HideSolutionNode = FALSE
	EndGlobalSection
	GlobalSection(ExtensibilityGlobals) = postSolution
		SolutionGuid = {69ADDF7D-3F67-44C3-A21B-14CFD2D8B5AB}
	EndGlobalSection
EndGlobal
